// !$*UTF8*$!
{
	archiveVersion = 1;
	classes = {
	};
	objectVersion = 46;
	objects = {

/* Begin PBXBuildFile section */
		6CAA7F101D887D0B0012CF56 /* main.m in Sources */ = {isa = PBXBuildFile; fileRef = 6CAA7F0F1D887D0B0012CF56 /* main.m */; };
		6CAA7F131D887D0B0012CF56 /* AppDelegate.m in Sources */ = {isa = PBXBuildFile; fileRef = 6CAA7F121D887D0B0012CF56 /* AppDelegate.m */; };
		6CAA7F161D887D0B0012CF56 /* ViewController.m in Sources */ = {isa = PBXBuildFile; fileRef = 6CAA7F151D887D0B0012CF56 /* ViewController.m */; };
		6CAA7F191D887D0B0012CF56 /* Main.storyboard in Resources */ = {isa = PBXBuildFile; fileRef = 6CAA7F171D887D0B0012CF56 /* Main.storyboard */; };
		6CAA7F1B1D887D0B0012CF56 /* Assets.xcassets in Resources */ = {isa = PBXBuildFile; fileRef = 6CAA7F1A1D887D0B0012CF56 /* Assets.xcassets */; };
		6CAA7F1E1D887D0B0012CF56 /* LaunchScreen.storyboard in Resources */ = {isa = PBXBuildFile; fileRef = 6CAA7F1C1D887D0B0012CF56 /* LaunchScreen.storyboard */; };
		6CAA7F291D887D0B0012CF56 /* ijkplayerDemoTests.m in Sources */ = {isa = PBXBuildFile; fileRef = 6CAA7F281D887D0B0012CF56 /* ijkplayerDemoTests.m */; };
		6CAA7F341D887D0C0012CF56 /* ijkplayerDemoUITests.m in Sources */ = {isa = PBXBuildFile; fileRef = 6CAA7F331D887D0C0012CF56 /* ijkplayerDemoUITests.m */; };
		6CAA7F431D887D8A0012CF56 /* IJKMediaFramework.framework in Frameworks */ = {isa = PBXBuildFile; fileRef = 6CAA7F421D887D8A0012CF56 /* IJKMediaFramework.framework */; };
		6CAA7F491D887E720012CF56 /* AudioToolbox.framework in Frameworks */ = {isa = PBXBuildFile; fileRef = 6CAA7F481D887E720012CF56 /* AudioToolbox.framework */; };
		6CAA7F4B1D887E7D0012CF56 /* AVFoundation.framework in Frameworks */ = {isa = PBXBuildFile; fileRef = 6CAA7F4A1D887E7D0012CF56 /* AVFoundation.framework */; };
		6CAA7F4D1D887E8E0012CF56 /* CoreMedia.framework in Frameworks */ = {isa = PBXBuildFile; fileRef = 6CAA7F4C1D887E8E0012CF56 /* CoreMedia.framework */; };
		6CAA7F4F1D887E9A0012CF56 /* CoreVideo.framework in Frameworks */ = {isa = PBXBuildFile; fileRef = 6CAA7F4E1D887E9A0012CF56 /* CoreVideo.framework */; };
		6CAA7F511D887EAA0012CF56 /* libbz2.tbd in Frameworks */ = {isa = PBXBuildFile; fileRef = 6CAA7F501D887EAA0012CF56 /* libbz2.tbd */; };
		6CAA7F531D887EB20012CF56 /* libz.tbd in Frameworks */ = {isa = PBXBuildFile; fileRef = 6CAA7F521D887EB20012CF56 /* libz.tbd */; };
		6CAA7F551D887EBD0012CF56 /* MediaPlayer.framework in Frameworks */ = {isa = PBXBuildFile; fileRef = 6CAA7F541D887EBD0012CF56 /* MediaPlayer.framework */; };
		6CAA7F571D887ECE0012CF56 /* MobileCoreServices.framework in Frameworks */ = {isa = PBXBuildFile; fileRef = 6CAA7F561D887ECE0012CF56 /* MobileCoreServices.framework */; };
		6CAA7F591D887ED80012CF56 /* OpenGLES.framework in Frameworks */ = {isa = PBXBuildFile; fileRef = 6CAA7F581D887ED80012CF56 /* OpenGLES.framework */; };
		6CAA7F5B1D887EE30012CF56 /* VideoToolbox.framework in Frameworks */ = {isa = PBXBuildFile; fileRef = 6CAA7F5A1D887EE30012CF56 /* VideoToolbox.framework */; };
/* End PBXBuildFile section */

/* Begin PBXContainerItemProxy section */
		6CAA7F251D887D0B0012CF56 /* PBXContainerItemProxy */ = {
			isa = PBXContainerItemProxy;
			containerPortal = 6CAA7F031D887D0B0012CF56 /* Project object */;
			proxyType = 1;
			remoteGlobalIDString = 6CAA7F0A1D887D0B0012CF56;
			remoteInfo = ijkplayerDemo;
		};
		6CAA7F301D887D0C0012CF56 /* PBXContainerItemProxy */ = {
			isa = PBXContainerItemProxy;
			containerPortal = 6CAA7F031D887D0B0012CF56 /* Project object */;
			proxyType = 1;
			remoteGlobalIDString = 6CAA7F0A1D887D0B0012CF56;
			remoteInfo = ijkplayerDemo;
		};
/* End PBXContainerItemProxy section */

/* Begin PBXFileReference section */
		6CAA7F0B1D887D0B0012CF56 /* ijkplayerDemo.app */ = {isa = PBXFileReference; explicitFileType = wrapper.application; includeInIndex = 0; path = ijkplayerDemo.app; sourceTree = BUILT_PRODUCTS_DIR; };
		6CAA7F0F1D887D0B0012CF56 /* main.m */ = {isa = PBXFileReference; lastKnownFileType = sourcecode.c.objc; path = main.m; sourceTree = "<group>"; };
		6CAA7F111D887D0B0012CF56 /* AppDelegate.h */ = {isa = PBXFileReference; lastKnownFileType = sourcecode.c.h; path = AppDelegate.h; sourceTree = "<group>"; };
		6CAA7F121D887D0B0012CF56 /* AppDelegate.m */ = {isa = PBXFileReference; lastKnownFileType = sourcecode.c.objc; path = AppDelegate.m; sourceTree = "<group>"; };
		6CAA7F141D887D0B0012CF56 /* ViewController.h */ = {isa = PBXFileReference; lastKnownFileType = sourcecode.c.h; path = ViewController.h; sourceTree = "<group>"; };
		6CAA7F151D887D0B0012CF56 /* ViewController.m */ = {isa = PBXFileReference; lastKnownFileType = sourcecode.c.objc; path = ViewController.m; sourceTree = "<group>"; };
		6CAA7F181D887D0B0012CF56 /* Base */ = {isa = PBXFileReference; lastKnownFileType = file.storyboard; name = Base; path = Base.lproj/Main.storyboard; sourceTree = "<group>"; };
		6CAA7F1A1D887D0B0012CF56 /* Assets.xcassets */ = {isa = PBXFileReference; lastKnownFileType = folder.assetcatalog; path = Assets.xcassets; sourceTree = "<group>"; };
		6CAA7F1D1D887D0B0012CF56 /* Base */ = {isa = PBXFileReference; lastKnownFileType = file.storyboard; name = Base; path = Base.lproj/LaunchScreen.storyboard; sourceTree = "<group>"; };
		6CAA7F1F1D887D0B0012CF56 /* Info.plist */ = {isa = PBXFileReference; lastKnownFileType = text.plist.xml; path = Info.plist; sourceTree = "<group>"; };
		6CAA7F241D887D0B0012CF56 /* ijkplayerDemoTests.xctest */ = {isa = PBXFileReference; explicitFileType = wrapper.cfbundle; includeInIndex = 0; path = ijkplayerDemoTests.xctest; sourceTree = BUILT_PRODUCTS_DIR; };
		6CAA7F281D887D0B0012CF56 /* ijkplayerDemoTests.m */ = {isa = PBXFileReference; lastKnownFileType = sourcecode.c.objc; path = ijkplayerDemoTests.m; sourceTree = "<group>"; };
		6CAA7F2A1D887D0B0012CF56 /* Info.plist */ = {isa = PBXFileReference; lastKnownFileType = text.plist.xml; path = Info.plist; sourceTree = "<group>"; };
		6CAA7F2F1D887D0C0012CF56 /* ijkplayerDemoUITests.xctest */ = {isa = PBXFileReference; explicitFileType = wrapper.cfbundle; includeInIndex = 0; path = ijkplayerDemoUITests.xctest; sourceTree = BUILT_PRODUCTS_DIR; };
		6CAA7F331D887D0C0012CF56 /* ijkplayerDemoUITests.m */ = {isa = PBXFileReference; lastKnownFileType = sourcecode.c.objc; path = ijkplayerDemoUITests.m; sourceTree = "<group>"; };
		6CAA7F351D887D0C0012CF56 /* Info.plist */ = {isa = PBXFileReference; lastKnownFileType = text.plist.xml; path = Info.plist; sourceTree = "<group>"; };
		6CAA7F421D887D8A0012CF56 /* IJKMediaFramework.framework */ = {isa = PBXFileReference; lastKnownFileType = wrapper.framework; path = IJKMediaFramework.framework; sourceTree = "<group>"; };
		6CAA7F481D887E720012CF56 /* AudioToolbox.framework */ = {isa = PBXFileReference; lastKnownFileType = wrapper.framework; name = AudioToolbox.framework; path = System/Library/Frameworks/AudioToolbox.framework; sourceTree = SDKROOT; };
		6CAA7F4A1D887E7D0012CF56 /* AVFoundation.framework */ = {isa = PBXFileReference; lastKnownFileType = wrapper.framework; name = AVFoundation.framework; path = System/Library/Frameworks/AVFoundation.framework; sourceTree = SDKROOT; };
		6CAA7F4C1D887E8E0012CF56 /* CoreMedia.framework */ = {isa = PBXFileReference; lastKnownFileType = wrapper.framework; name = CoreMedia.framework; path = System/Library/Frameworks/CoreMedia.framework; sourceTree = SDKROOT; };
		6CAA7F4E1D887E9A0012CF56 /* CoreVideo.framework */ = {isa = PBXFileReference; lastKnownFileType = wrapper.framework; name = CoreVideo.framework; path = System/Library/Frameworks/CoreVideo.framework; sourceTree = SDKROOT; };
		6CAA7F501D887EAA0012CF56 /* libbz2.tbd */ = {isa = PBXFileReference; lastKnownFileType = "sourcecode.text-based-dylib-definition"; name = libbz2.tbd; path = usr/lib/libbz2.tbd; sourceTree = SDKROOT; };
		6CAA7F521D887EB20012CF56 /* libz.tbd */ = {isa = PBXFileReference; lastKnownFileType = "sourcecode.text-based-dylib-definition"; name = libz.tbd; path = usr/lib/libz.tbd; sourceTree = SDKROOT; };
		6CAA7F541D887EBD0012CF56 /* MediaPlayer.framework */ = {isa = PBXFileReference; lastKnownFileType = wrapper.framework; name = MediaPlayer.framework; path = System/Library/Frameworks/MediaPlayer.framework; sourceTree = SDKROOT; };
		6CAA7F561D887ECE0012CF56 /* MobileCoreServices.framework */ = {isa = PBXFileReference; lastKnownFileType = wrapper.framework; name = MobileCoreServices.framework; path = System/Library/Frameworks/MobileCoreServices.framework; sourceTree = SDKROOT; };
		6CAA7F581D887ED80012CF56 /* OpenGLES.framework */ = {isa = PBXFileReference; lastKnownFileType = wrapper.framework; name = OpenGLES.framework; path = System/Library/Frameworks/OpenGLES.framework; sourceTree = SDKROOT; };
		6CAA7F5A1D887EE30012CF56 /* VideoToolbox.framework */ = {isa = PBXFileReference; lastKnownFileType = wrapper.framework; name = VideoToolbox.framework; path = System/Library/Frameworks/VideoToolbox.framework; sourceTree = SDKROOT; };
/* End PBXFileReference section */

/* Begin PBXFrameworksBuildPhase section */
		6CAA7F081D887D0B0012CF56 /* Frameworks */ = {
			isa = PBXFrameworksBuildPhase;
			buildActionMask = 2147483647;
			files = (
				6CAA7F5B1D887EE30012CF56 /* VideoToolbox.framework in Frameworks */,
				6CAA7F591D887ED80012CF56 /* OpenGLES.framework in Frameworks */,
				6CAA7F571D887ECE0012CF56 /* MobileCoreServices.framework in Frameworks */,
				6CAA7F551D887EBD0012CF56 /* MediaPlayer.framework in Frameworks */,
				6CAA7F531D887EB20012CF56 /* libz.tbd in Frameworks */,
				6CAA7F511D887EAA0012CF56 /* libbz2.tbd in Frameworks */,
				6CAA7F4F1D887E9A0012CF56 /* CoreVideo.framework in Frameworks */,
				6CAA7F4D1D887E8E0012CF56 /* CoreMedia.framework in Frameworks */,
				6CAA7F4B1D887E7D0012CF56 /* AVFoundation.framework in Frameworks */,
				6CAA7F491D887E720012CF56 /* AudioToolbox.framework in Frameworks */,
				6CAA7F431D887D8A0012CF56 /* IJKMediaFramework.framework in Frameworks */,
			);
			runOnlyForDeploymentPostprocessing = 0;
		};
		6CAA7F211D887D0B0012CF56 /* Frameworks */ = {
			isa = PBXFrameworksBuildPhase;
			buildActionMask = 2147483647;
			files = (
			);
			runOnlyForDeploymentPostprocessing = 0;
		};
		6CAA7F2C1D887D0C0012CF56 /* Frameworks */ = {
			isa = PBXFrameworksBuildPhase;
			buildActionMask = 2147483647;
			files = (
			);
			runOnlyForDeploymentPostprocessing = 0;
		};
/* End PBXFrameworksBuildPhase section */

/* Begin PBXGroup section */
		6CAA7F021D887D0B0012CF56 = {
			isa = PBXGroup;
			children = (
				6CAA7F411D887D8A0012CF56 /* Frameworks */,
				6CAA7F0D1D887D0B0012CF56 /* ijkplayerDemo */,
				6CAA7F271D887D0B0012CF56 /* ijkplayerDemoTests */,
				6CAA7F321D887D0C0012CF56 /* ijkplayerDemoUITests */,
				6CAA7F0C1D887D0B0012CF56 /* Products */,
			);
			sourceTree = "<group>";
		};
		6CAA7F0C1D887D0B0012CF56 /* Products */ = {
			isa = PBXGroup;
			children = (
				6CAA7F0B1D887D0B0012CF56 /* ijkplayerDemo.app */,
				6CAA7F241D887D0B0012CF56 /* ijkplayerDemoTests.xctest */,
				6CAA7F2F1D887D0C0012CF56 /* ijkplayerDemoUITests.xctest */,
			);
			name = Products;
			sourceTree = "<group>";
		};
		6CAA7F0D1D887D0B0012CF56 /* ijkplayerDemo */ = {
			isa = PBXGroup;
			children = (
				6CAA7F111D887D0B0012CF56 /* AppDelegate.h */,
				6CAA7F121D887D0B0012CF56 /* AppDelegate.m */,
				6CAA7F141D887D0B0012CF56 /* ViewController.h */,
				6CAA7F151D887D0B0012CF56 /* ViewController.m */,
				6CAA7F171D887D0B0012CF56 /* Main.storyboard */,
				6CAA7F1A1D887D0B0012CF56 /* Assets.xcassets */,
				6CAA7F1C1D887D0B0012CF56 /* LaunchScreen.storyboard */,
				6CAA7F1F1D887D0B0012CF56 /* Info.plist */,
				6CAA7F0E1D887D0B0012CF56 /* Supporting Files */,
			);
			path = ijkplayerDemo;
			sourceTree = "<group>";
		};
		6CAA7F0E1D887D0B0012CF56 /* Supporting Files */ = {
			isa = PBXGroup;
			children = (
				6CAA7F0F1D887D0B0012CF56 /* main.m */,
			);
			name = "Supporting Files";
			sourceTree = "<group>";
		};
		6CAA7F271D887D0B0012CF56 /* ijkplayerDemoTests */ = {
			isa = PBXGroup;
			children = (
				6CAA7F281D887D0B0012CF56 /* ijkplayerDemoTests.m */,
				6CAA7F2A1D887D0B0012CF56 /* Info.plist */,
			);
			path = ijkplayerDemoTests;
			sourceTree = "<group>";
		};
		6CAA7F321D887D0C0012CF56 /* ijkplayerDemoUITests */ = {
			isa = PBXGroup;
			children = (
				6CAA7F331D887D0C0012CF56 /* ijkplayerDemoUITests.m */,
				6CAA7F351D887D0C0012CF56 /* Info.plist */,
			);
			path = ijkplayerDemoUITests;
			sourceTree = "<group>";
		};
		6CAA7F411D887D8A0012CF56 /* Frameworks */ = {
			isa = PBXGroup;
			children = (
				6CAA7F5A1D887EE30012CF56 /* VideoToolbox.framework */,
				6CAA7F581D887ED80012CF56 /* OpenGLES.framework */,
				6CAA7F561D887ECE0012CF56 /* MobileCoreServices.framework */,
				6CAA7F541D887EBD0012CF56 /* MediaPlayer.framework */,
				6CAA7F521D887EB20012CF56 /* libz.tbd */,
				6CAA7F501D887EAA0012CF56 /* libbz2.tbd */,
				6CAA7F4E1D887E9A0012CF56 /* CoreVideo.framework */,
				6CAA7F4C1D887E8E0012CF56 /* CoreMedia.framework */,
				6CAA7F4A1D887E7D0012CF56 /* AVFoundation.framework */,
				6CAA7F481D887E720012CF56 /* AudioToolbox.framework */,
				6CAA7F421D887D8A0012CF56 /* IJKMediaFramework.framework */,
			);
			path = Frameworks;
			sourceTree = "<group>";
		};
/* End PBXGroup section */

/* Begin PBXNativeTarget section */
		6CAA7F0A1D887D0B0012CF56 /* ijkplayerDemo */ = {
			isa = PBXNativeTarget;
			buildConfigurationList = 6CAA7F381D887D0C0012CF56 /* Build configuration list for PBXNativeTarget "ijkplayerDemo" */;
			buildPhases = (
				6CAA7F071D887D0B0012CF56 /* Sources */,
				6CAA7F081D887D0B0012CF56 /* Frameworks */,
				6CAA7F091D887D0B0012CF56 /* Resources */,
			);
			buildRules = (
			);
			dependencies = (
			);
			name = ijkplayerDemo;
			productName = ijkplayerDemo;
			productReference = 6CAA7F0B1D887D0B0012CF56 /* ijkplayerDemo.app */;
			productType = "com.apple.product-type.application";
		};
		6CAA7F231D887D0B0012CF56 /* ijkplayerDemoTests */ = {
			isa = PBXNativeTarget;
			buildConfigurationList = 6CAA7F3B1D887D0C0012CF56 /* Build configuration list for PBXNativeTarget "ijkplayerDemoTests" */;
			buildPhases = (
				6CAA7F201D887D0B0012CF56 /* Sources */,
				6CAA7F211D887D0B0012CF56 /* Frameworks */,
				6CAA7F221D887D0B0012CF56 /* Resources */,
			);
			buildRules = (
			);
			dependencies = (
				6CAA7F261D887D0B0012CF56 /* PBXTargetDependency */,
			);
			name = ijkplayerDemoTests;
			productName = ijkplayerDemoTests;
			productReference = 6CAA7F241D887D0B0012CF56 /* ijkplayerDemoTests.xctest */;
			productType = "com.apple.product-type.bundle.unit-test";
		};
		6CAA7F2E1D887D0C0012CF56 /* ijkplayerDemoUITests */ = {
			isa = PBXNativeTarget;
			buildConfigurationList = 6CAA7F3E1D887D0C0012CF56 /* Build configuration list for PBXNativeTarget "ijkplayerDemoUITests" */;
			buildPhases = (
				6CAA7F2B1D887D0C0012CF56 /* Sources */,
				6CAA7F2C1D887D0C0012CF56 /* Frameworks */,
				6CAA7F2D1D887D0C0012CF56 /* Resources */,
			);
			buildRules = (
			);
			dependencies = (
				6CAA7F311D887D0C0012CF56 /* PBXTargetDependency */,
			);
			name = ijkplayerDemoUITests;
			productName = ijkplayerDemoUITests;
			productReference = 6CAA7F2F1D887D0C0012CF56 /* ijkplayerDemoUITests.xctest */;
			productType = "com.apple.product-type.bundle.ui-testing";
		};
/* End PBXNativeTarget section */

/* Begin PBXProject section */
		6CAA7F031D887D0B0012CF56 /* Project object */ = {
			isa = PBXProject;
			attributes = {
				LastUpgradeCheck = 0730;
				ORGANIZATIONNAME = littledogboy;
				TargetAttributes = {
					6CAA7F0A1D887D0B0012CF56 = {
						CreatedOnToolsVersion = 7.3.1;
					};
					6CAA7F231D887D0B0012CF56 = {
						CreatedOnToolsVersion = 7.3.1;
						TestTargetID = 6CAA7F0A1D887D0B0012CF56;
					};
					6CAA7F2E1D887D0C0012CF56 = {
						CreatedOnToolsVersion = 7.3.1;
						TestTargetID = 6CAA7F0A1D887D0B0012CF56;
					};
				};
			};
			buildConfigurationList = 6CAA7F061D887D0B0012CF56 /* Build configuration list for PBXProject "ijkplayerDemo" */;
			compatibilityVersion = "Xcode 3.2";
			developmentRegion = English;
			hasScannedForEncodings = 0;
			knownRegions = (
				en,
				Base,
			);
			mainGroup = 6CAA7F021D887D0B0012CF56;
			productRefGroup = 6CAA7F0C1D887D0B0012CF56 /* Products */;
			projectDirPath = "";
			projectRoot = "";
			targets = (
				6CAA7F0A1D887D0B0012CF56 /* ijkplayerDemo */,
				6CAA7F231D887D0B0012CF56 /* ijkplayerDemoTests */,
				6CAA7F2E1D887D0C0012CF56 /* ijkplayerDemoUITests */,
			);
		};
/* End PBXProject section */

/* Begin PBXResourcesBuildPhase section */
		6CAA7F091D887D0B0012CF56 /* Resources */ = {
			isa = PBXResourcesBuildPhase;
			buildActionMask = 2147483647;
			files = (
				6CAA7F1E1D887D0B0012CF56 /* LaunchScreen.storyboard in Resources */,
				6CAA7F1B1D887D0B0012CF56 /* Assets.xcassets in Resources */,
				6CAA7F191D887D0B0012CF56 /* Main.storyboard in Resources */,
			);
			runOnlyForDeploymentPostprocessing = 0;
		};
		6CAA7F221D887D0B0012CF56 /* Resources */ = {
			isa = PBXResourcesBuildPhase;
			buildActionMask = 2147483647;
			files = (
			);
			runOnlyForDeploymentPostprocessing = 0;
		};
		6CAA7F2D1D887D0C0012CF56 /* Resources */ = {
			isa = PBXResourcesBuildPhase;
			buildActionMask = 2147483647;
			files = (
			);
			runOnlyForDeploymentPostprocessing = 0;
		};
/* End PBXResourcesBuildPhase section */

/* Begin PBXSourcesBuildPhase section */
		6CAA7F071D887D0B0012CF56 /* Sources */ = {
			isa = PBXSourcesBuildPhase;
			buildActionMask = 2147483647;
			files = (
				6CAA7F161D887D0B0012CF56 /* ViewController.m in Sources */,
				6CAA7F131D887D0B0012CF56 /* AppDelegate.m in Sources */,
				6CAA7F101D887D0B0012CF56 /* main.m in Sources */,
			);
			runOnlyForDeploymentPostprocessing = 0;
		};
		6CAA7F201D887D0B0012CF56 /* Sources */ = {
			isa = PBXSourcesBuildPhase;
			buildActionMask = 2147483647;
			files = (
				6CAA7F291D887D0B0012CF56 /* ijkplayerDemoTests.m in Sources */,
			);
			runOnlyForDeploymentPostprocessing = 0;
		};
		6CAA7F2B1D887D0C0012CF56 /* Sources */ = {
			isa = PBXSourcesBuildPhase;
			buildActionMask = 2147483647;
			files = (
				6CAA7F341D887D0C0012CF56 /* ijkplayerDemoUITests.m in Sources */,
			);
			runOnlyForDeploymentPostprocessing = 0;
		};
/* End PBXSourcesBuildPhase section */

/* Begin PBXTargetDependency section */
		6CAA7F261D887D0B0012CF56 /* PBXTargetDependency */ = {
			isa = PBXTargetDependency;
			target = 6CAA7F0A1D887D0B0012CF56 /* ijkplayerDemo */;
			targetProxy = 6CAA7F251D887D0B0012CF56 /* PBXContainerItemProxy */;
		};
		6CAA7F311D887D0C0012CF56 /* PBXTargetDependency */ = {
			isa = PBXTargetDependency;
			target = 6CAA7F0A1D887D0B0012CF56 /* ijkplayerDemo */;
			targetProxy = 6CAA7F301D887D0C0012CF56 /* PBXContainerItemProxy */;
		};
/* End PBXTargetDependency section */

/* Begin PBXVariantGroup section */
		6CAA7F171D887D0B0012CF56 /* Main.storyboard */ = {
			isa = PBXVariantGroup;
			children = (
				6CAA7F181D887D0B0012CF56 /* Base */,
			);
			name = Main.storyboard;
			sourceTree = "<group>";
		};
		6CAA7F1C1D887D0B0012CF56 /* LaunchScreen.storyboard */ = {
			isa = PBXVariantGroup;
			children = (
				6CAA7F1D1D887D0B0012CF56 /* Base */,
			);
			name = LaunchScreen.storyboard;
			sourceTree = "<group>";
		};
/* End PBXVariantGroup section */

/* Begin XCBuildConfiguration section */
		6CAA7F361D887D0C0012CF56 /* Debug */ = {
			isa = XCBuildConfiguration;
			buildSettings = {
				ALWAYS_SEARCH_USER_PATHS = NO;
				CLANG_ANALYZER_NONNULL = YES;
				CLANG_CXX_LANGUAGE_STANDARD = "gnu++0x";
				CLANG_CXX_LIBRARY = "libc++";
				CLANG_ENABLE_MODULES = YES;
				CLANG_ENABLE_OBJC_ARC = YES;
				CLANG_WARN_BOOL_CONVERSION = YES;
				CLANG_WARN_CONSTANT_CONVERSION = YES;
				CLANG_WARN_DIRECT_OBJC_ISA_USAGE = YES_ERROR;
				CLANG_WARN_EMPTY_BODY = YES;
				CLANG_WARN_ENUM_CONVERSION = YES;
				CLANG_WARN_INT_CONVERSION = YES;
				CLANG_WARN_OBJC_ROOT_CLASS = YES_ERROR;
				CLANG_WARN_UNREACHABLE_CODE = YES;
				CLANG_WARN__DUPLICATE_METHOD_MATCH = YES;
				"CODE_SIGN_IDENTITY[sdk=iphoneos*]" = "iPhone Developer";
				COPY_PHASE_STRIP = NO;
				DEBUG_INFORMATION_FORMAT = dwarf;
				ENABLE_STRICT_OBJC_MSGSEND = YES;
				ENABLE_TESTABILITY = YES;
				GCC_C_LANGUAGE_STANDARD = gnu99;
				GCC_DYNAMIC_NO_PIC = NO;
				GCC_NO_COMMON_BLOCKS = YES;
				GCC_OPTIMIZATION_LEVEL = 0;
				GCC_PREPROCESSOR_DEFINITIONS = (
					"DEBUG=1",
					"$(inherited)",
				);
				GCC_WARN_64_TO_32_BIT_CONVERSION = YES;
				GCC_WARN_ABOUT_RETURN_TYPE = YES_ERROR;
				GCC_WARN_UNDECLARED_SELECTOR = YES;
				GCC_WARN_UNINITIALIZED_AUTOS = YES_AGGRESSIVE;
				GCC_WARN_UNUSED_FUNCTION = YES;
				GCC_WARN_UNUSED_VARIABLE = YES;
				IPHONEOS_DEPLOYMENT_TARGET = 9.3;
				MTL_ENABLE_DEBUG_INFO = YES;
				ONLY_ACTIVE_ARCH = YES;
				SDKROOT = iphoneos;
			};
			name = Debug;
		};
		6CAA7F371D887D0C0012CF56 /* Release */ = {
			isa = XCBuildConfiguration;
			buildSettings = {
				ALWAYS_SEARCH_USER_PATHS = NO;
				CLANG_ANALYZER_NONNULL = YES;
				CLANG_CXX_LANGUAGE_STANDARD = "gnu++0x";
				CLANG_CXX_LIBRARY = "libc++";
				CLANG_ENABLE_MODULES = YES;
				CLANG_ENABLE_OBJC_ARC = YES;
				CLANG_WARN_BOOL_CONVERSION = YES;
				CLANG_WARN_CONSTANT_CONVERSION = YES;
				CLANG_WARN_DIRECT_OBJC_ISA_USAGE = YES_ERROR;
				CLANG_WARN_EMPTY_BODY = YES;
				CLANG_WARN_ENUM_CONVERSION = YES;
				CLANG_WARN_INT_CONVERSION = YES;
				CLANG_WARN_OBJC_ROOT_CLASS = YES_ERROR;
				CLANG_WARN_UNREACHABLE_CODE = YES;
				CLANG_WARN__DUPLICATE_METHOD_MATCH = YES;
				"CODE_SIGN_IDENTITY[sdk=iphoneos*]" = "iPhone Developer";
				COPY_PHASE_STRIP = NO;
				DEBUG_INFORMATION_FORMAT = "dwarf-with-dsym";
				ENABLE_NS_ASSERTIONS = NO;
				ENABLE_STRICT_OBJC_MSGSEND = YES;
				GCC_C_LANGUAGE_STANDARD = gnu99;
				GCC_NO_COMMON_BLOCKS = YES;
				GCC_WARN_64_TO_32_BIT_CONVERSION = YES;
				GCC_WARN_ABOUT_RETURN_TYPE = YES_ERROR;
				GCC_WARN_UNDECLARED_SELECTOR = YES;
				GCC_WARN_UNINITIALIZED_AUTOS = YES_AGGRESSIVE;
				GCC_WARN_UNUSED_FUNCTION = YES;
				GCC_WARN_UNUSED_VARIABLE = YES;
				IPHONEOS_DEPLOYMENT_TARGET = 9.3;
				MTL_ENABLE_DEBUG_INFO = NO;
				SDKROOT = iphoneos;
				VALIDATE_PRODUCT = YES;
			};
			name = Release;
		};
		6CAA7F391D887D0C0012CF56 /* Debug */ = {
			isa = XCBuildConfiguration;
			buildSettings = {
				ASSETCATALOG_COMPILER_APPICON_NAME = AppIcon;
				FRAMEWORK_SEARCH_PATHS = (
					"$(inherited)",
					"$(PROJECT_DIR)/Frameworks",
				);
				INFOPLIST_FILE = ijkplayerDemo/Info.plist;
				LD_RUNPATH_SEARCH_PATHS = "$(inherited) @executable_path/Frameworks";
				PRODUCT_BUNDLE_IDENTIFIER = littledogboy.ijkplayerDemo;
				PRODUCT_NAME = "$(TARGET_NAME)";
			};
			name = Debug;
		};
		6CAA7F3A1D887D0C0012CF56 /* Release */ = {
			isa = XCBuildConfiguration;
			buildSettings = {
				ASSETCATALOG_COMPILER_APPICON_NAME = AppIcon;
				FRAMEWORK_SEARCH_PATHS = (
					"$(inherited)",
					"$(PROJECT_DIR)/Frameworks",
				);
				INFOPLIST_FILE = ijkplayerDemo/Info.plist;
				LD_RUNPATH_SEARCH_PATHS = "$(inherited) @executable_path/Frameworks";
				PRODUCT_BUNDLE_IDENTIFIER = littledogboy.ijkplayerDemo;
				PRODUCT_NAME = "$(TARGET_NAME)";
			};
			name = Release;
		};
		6CAA7F3C1D887D0C0012CF56 /* Debug */ = {
			isa = XCBuildConfiguration;
			buildSettings = {
				BUNDLE_LOADER = "$(TEST_HOST)";
				INFOPLIST_FILE = ijkplayerDemoTests/Info.plist;
				LD_RUNPATH_SEARCH_PATHS = "$(inherited) @executable_path/Frameworks @loader_path/Frameworks";
				PRODUCT_BUNDLE_IDENTIFIER = littledogboy.ijkplayerDemoTests;
				PRODUCT_NAME = "$(TARGET_NAME)";
				TEST_HOST = "$(BUILT_PRODUCTS_DIR)/ijkplayerDemo.app/ijkplayerDemo";
			};
			name = Debug;
		};
		6CAA7F3D1D887D0C0012CF56 /* Release */ = {
			isa = XCBuildConfiguration;
			buildSettings = {
				BUNDLE_LOADER = "$(TEST_HOST)";
				INFOPLIST_FILE = ijkplayerDemoTests/Info.plist;
				LD_RUNPATH_SEARCH_PATHS = "$(inherited) @executable_path/Frameworks @loader_path/Frameworks";
				PRODUCT_BUNDLE_IDENTIFIER = littledogboy.ijkplayerDemoTests;
				PRODUCT_NAME = "$(TARGET_NAME)";
				TEST_HOST = "$(BUILT_PRODUCTS_DIR)/ijkplayerDemo.app/ijkplayerDemo";
			};
			name = Release;
		};
		6CAA7F3F1D887D0C0012CF56 /* Debug */ = {
			isa = XCBuildConfiguration;
			buildSettings = {
				INFOPLIST_FILE = ijkplayerDemoUITests/Info.plist;
				LD_RUNPATH_SEARCH_PATHS = "$(inherited) @executable_path/Frameworks @loader_path/Frameworks";
				PRODUCT_BUNDLE_IDENTIFIER = littledogboy.ijkplayerDemoUITests;
				PRODUCT_NAME = "$(TARGET_NAME)";
				TEST_TARGET_NAME = ijkplayerDemo;
			};
			name = Debug;
		};
		6CAA7F401D887D0C0012CF56 /* Release */ = {
			isa = XCBuildConfiguration;
			buildSettings = {
				INFOPLIST_FILE = ijkplayerDemoUITests/Info.plist;
				LD_RUNPATH_SEARCH_PATHS = "$(inherited) @executable_path/Frameworks @loader_path/Frameworks";
				PRODUCT_BUNDLE_IDENTIFIER = littledogboy.ijkplayerDemoUITests;
				PRODUCT_NAME = "$(TARGET_NAME)";
				TEST_TARGET_NAME = ijkplayerDemo;
			};
			name = Release;
		};
/* End XCBuildConfiguration section */

/* Begin XCConfigurationList section */
		6CAA7F061D887D0B0012CF56 /* Build configuration list for PBXProject "ijkplayerDemo" */ = {
			isa = XCConfigurationList;
			buildConfigurations = (
				6CAA7F361D887D0C0012CF56 /* Debug */,
				6CAA7F371D887D0C0012CF56 /* Release */,
			);
			defaultConfigurationIsVisible = 0;
			defaultConfigurationName = Release;
		};
		6CAA7F381D887D0C0012CF56 /* Build configuration list for PBXNativeTarget "ijkplayerDemo" */ = {
			isa = XCConfigurationList;
			buildConfigurations = (
				6CAA7F391D887D0C0012CF56 /* Debug */,
				6CAA7F3A1D887D0C0012CF56 /* Release */,
			);
			defaultConfigurationIsVisible = 0;
		};
		6CAA7F3B1D887D0C0012CF56 /* Build configuration list for PBXNativeTarget "ijkplayerDemoTests" */ = {
			isa = XCConfigurationList;
			buildConfigurations = (
				6CAA7F3C1D887D0C0012CF56 /* Debug */,
				6CAA7F3D1D887D0C0012CF56 /* Release */,
			);
			defaultConfigurationIsVisible = 0;
		};
		6CAA7F3E1D887D0C0012CF56 /* Build configuration list for PBXNativeTarget "ijkplayerDemoUITests" */ = {
			isa = XCConfigurationList;
			buildConfigurations = (
				6CAA7F3F1D887D0C0012CF56 /* Debug */,
				6CAA7F401D887D0C0012CF56 /* Release */,
			);
			defaultConfigurationIsVisible = 0;
		};
/* End XCConfigurationList section */
	};
	rootObject = 6CAA7F031D887D0B0012CF56 /* Project object */;
}
